
Microsoft Visual Studio Solution File, Format Version 12.00
# Visual Studio Version 17
VisualStudioVersion = 17.2.32526.322
MinimumVisualStudioVersion = 10.0.40219.1
Project("{9A19103F-16F7-4668-BE54-9A1E7A4F7556}") = "SIMULTAN", "SIMULTAN\SIMULTAN.csproj", "{015D89D1-7B5E-4589-B6D9-7C0B9A85F3DB}"
EndProject
Project("{9A19103F-16F7-4668-BE54-9A1E7A4F7556}") = "SIMULTAN.Tests", "SIMULTAN.Tests\SIMULTAN.Tests.csproj", "{A6B45407-273F-4039-BB39-59EED725F5C5}"
EndProject
Global
	GlobalSection(SolutionConfigurationPlatforms) = preSolution
		Debug|Any CPU = Debug|Any CPU
		Release|Any CPU = Release|Any CPU
	EndGlobalSection
	GlobalSection(ProjectConfigurationPlatforms) = postSolution
		{015D89D1-7B5E-4589-B6D9-7C0B9A85F3DB}.Debug|Any CPU.ActiveCfg = Debug|Any CPU
		{015D89D1-7B5E-4589-B6D9-7C0B9A85F3DB}.Debug|Any CPU.Build.0 = Debug|Any CPU
		{015D89D1-7B5E-4589-B6D9-7C0B9A85F3DB}.Release|Any CPU.ActiveCfg = Release|Any CPU
		{015D89D1-7B5E-4589-B6D9-7C0B9A85F3DB}.Release|Any CPU.Build.0 = Release|Any CPU
		{A6B45407-273F-4039-BB39-59EED725F5C5}.Debug|Any CPU.ActiveCfg = Debug|Any CPU
		{A6B45407-273F-4039-BB39-59EED725F5C5}.Debug|Any CPU.Build.0 = Debug|Any CPU
		{A6B45407-273F-4039-BB39-59EED725F5C5}.Release|Any CPU.ActiveCfg = Release|Any CPU
		{A6B45407-273F-4039-BB39-59EED725F5C5}.Release|Any CPU.Build.0 = Release|Any CPU
	EndGlobalSection
	GlobalSection(SolutionProperties) = preSolution
		HideSolutionNode = FALSE
	EndGlobalSection
	GlobalSection(ExtensibilityGlobals) = postSolution
		SolutionGuid = {E8D28F86-459B-4BC9-BEFB-E3209A734253}
	EndGlobalSection
EndGlobal
